
Microsoft Visual Studio Solution File, Format Version 12.00
# Visual Studio Version 17
VisualStudioVersion = 17.11.35327.3
MinimumVisualStudioVersion = 10.0.40219.1
Project("{FAE04EC0-301F-11D3-BF4B-00C04F79EFBC}") = "ex16", "ex16.csproj", "{9121F6CF-8E60-41EC-8761-254CDC3C339D}"
EndProject
Global
	GlobalSection(SolutionConfigurationPlatforms) = preSolution
		Debug|Any CPU = Debug|Any CPU
		Release|Any CPU = Release|Any CPU
	EndGlobalSection
	GlobalSection(ProjectConfigurationPlatforms) = postSolution
		{9121F6CF-8E60-41EC-8761-254CDC3C339D}.Debug|Any CPU.ActiveCfg = Debug|Any CPU
		{9121F6CF-8E60-41EC-8761-254CDC3C339D}.Debug|Any CPU.Build.0 = Debug|Any CPU
		{9121F6CF-8E60-41EC-8761-254CDC3C339D}.Release|Any CPU.ActiveCfg = Release|Any CPU
		{9121F6CF-8E60-41EC-8761-254CDC3C339D}.Release|Any CPU.Build.0 = Release|Any CPU
	EndGlobalSection
	GlobalSection(SolutionProperties) = preSolution
		HideSolutionNode = FALSE
	EndGlobalSection
	GlobalSection(ExtensibilityGlobals) = postSolution
		SolutionGuid = {66440B80-FD80-42AC-B7DB-510679CFD194}
	EndGlobalSection
EndGlobal
