
Microsoft Visual Studio Solution File, Format Version 12.00
# Visual Studio Version 17
VisualStudioVersion = 17.11.35327.3
MinimumVisualStudioVersion = 10.0.40219.1
Project("{FAE04EC0-301F-11D3-BF4B-00C04F79EFBC}") = "ex013", "ex013.csproj", "{8B541D9A-AE69-4CCD-AA0B-FA4A8C4C408A}"
EndProject
Global
	GlobalSection(SolutionConfigurationPlatforms) = preSolution
		Debug|Any CPU = Debug|Any CPU
		Release|Any CPU = Release|Any CPU
	EndGlobalSection
	GlobalSection(ProjectConfigurationPlatforms) = postSolution
		{8B541D9A-AE69-4CCD-AA0B-FA4A8C4C408A}.Debug|Any CPU.ActiveCfg = Debug|Any CPU
		{8B541D9A-AE69-4CCD-AA0B-FA4A8C4C408A}.Debug|Any CPU.Build.0 = Debug|Any CPU
		{8B541D9A-AE69-4CCD-AA0B-FA4A8C4C408A}.Release|Any CPU.ActiveCfg = Release|Any CPU
		{8B541D9A-AE69-4CCD-AA0B-FA4A8C4C408A}.Release|Any CPU.Build.0 = Release|Any CPU
	EndGlobalSection
	GlobalSection(SolutionProperties) = preSolution
		HideSolutionNode = FALSE
	EndGlobalSection
	GlobalSection(ExtensibilityGlobals) = postSolution
		SolutionGuid = {9AB54300-29DF-4943-BDDC-A9147E8488CD}
	EndGlobalSection
EndGlobal
