
Microsoft Visual Studio Solution File, Format Version 12.00
# Visual Studio Version 17
VisualStudioVersion = 17.11.35327.3
MinimumVisualStudioVersion = 10.0.40219.1
Project("{FAE04EC0-301F-11D3-BF4B-00C04F79EFBC}") = "Contadorr", "Contadorr.csproj", "{6FAB7E8E-DDA8-4307-9437-CD96AC20E3A4}"
EndProject
Global
	GlobalSection(SolutionConfigurationPlatforms) = preSolution
		Debug|Any CPU = Debug|Any CPU
		Release|Any CPU = Release|Any CPU
	EndGlobalSection
	GlobalSection(ProjectConfigurationPlatforms) = postSolution
		{6FAB7E8E-DDA8-4307-9437-CD96AC20E3A4}.Debug|Any CPU.ActiveCfg = Debug|Any CPU
		{6FAB7E8E-DDA8-4307-9437-CD96AC20E3A4}.Debug|Any CPU.Build.0 = Debug|Any CPU
		{6FAB7E8E-DDA8-4307-9437-CD96AC20E3A4}.Release|Any CPU.ActiveCfg = Release|Any CPU
		{6FAB7E8E-DDA8-4307-9437-CD96AC20E3A4}.Release|Any CPU.Build.0 = Release|Any CPU
	EndGlobalSection
	GlobalSection(SolutionProperties) = preSolution
		HideSolutionNode = FALSE
	EndGlobalSection
	GlobalSection(ExtensibilityGlobals) = postSolution
		SolutionGuid = {763C1738-63BC-489D-AE8C-96B2B99BB4A9}
	EndGlobalSection
EndGlobal
