
Microsoft Visual Studio Solution File, Format Version 12.00
# Visual Studio Version 17
VisualStudioVersion = 17.11.35327.3
MinimumVisualStudioVersion = 10.0.40219.1
Project("{FAE04EC0-301F-11D3-BF4B-00C04F79EFBC}") = "EX018", "EX018.csproj", "{302CCDEB-8FEB-407D-9E67-96FEEF5B3CF8}"
EndProject
Global
	GlobalSection(SolutionConfigurationPlatforms) = preSolution
		Debug|Any CPU = Debug|Any CPU
		Release|Any CPU = Release|Any CPU
	EndGlobalSection
	GlobalSection(ProjectConfigurationPlatforms) = postSolution
		{302CCDEB-8FEB-407D-9E67-96FEEF5B3CF8}.Debug|Any CPU.ActiveCfg = Debug|Any CPU
		{302CCDEB-8FEB-407D-9E67-96FEEF5B3CF8}.Debug|Any CPU.Build.0 = Debug|Any CPU
		{302CCDEB-8FEB-407D-9E67-96FEEF5B3CF8}.Release|Any CPU.ActiveCfg = Release|Any CPU
		{302CCDEB-8FEB-407D-9E67-96FEEF5B3CF8}.Release|Any CPU.Build.0 = Release|Any CPU
	EndGlobalSection
	GlobalSection(SolutionProperties) = preSolution
		HideSolutionNode = FALSE
	EndGlobalSection
	GlobalSection(ExtensibilityGlobals) = postSolution
		SolutionGuid = {F6B1C4B3-AC69-4194-B2F8-BF0AEF8A903E}
	EndGlobalSection
EndGlobal
