
Microsoft Visual Studio Solution File, Format Version 12.00
# Visual Studio Version 17
VisualStudioVersion = 17.11.35327.3
MinimumVisualStudioVersion = 10.0.40219.1
Project("{FAE04EC0-301F-11D3-BF4B-00C04F79EFBC}") = "IMC", "IMC.csproj", "{9CD6F6EB-A42A-4B8F-935A-5D5A62F0200D}"
EndProject
Global
	GlobalSection(SolutionConfigurationPlatforms) = preSolution
		Debug|Any CPU = Debug|Any CPU
		Release|Any CPU = Release|Any CPU
	EndGlobalSection
	GlobalSection(ProjectConfigurationPlatforms) = postSolution
		{9CD6F6EB-A42A-4B8F-935A-5D5A62F0200D}.Debug|Any CPU.ActiveCfg = Debug|Any CPU
		{9CD6F6EB-A42A-4B8F-935A-5D5A62F0200D}.Debug|Any CPU.Build.0 = Debug|Any CPU
		{9CD6F6EB-A42A-4B8F-935A-5D5A62F0200D}.Release|Any CPU.ActiveCfg = Release|Any CPU
		{9CD6F6EB-A42A-4B8F-935A-5D5A62F0200D}.Release|Any CPU.Build.0 = Release|Any CPU
	EndGlobalSection
	GlobalSection(SolutionProperties) = preSolution
		HideSolutionNode = FALSE
	EndGlobalSection
	GlobalSection(ExtensibilityGlobals) = postSolution
		SolutionGuid = {07E93EC0-7056-4318-AD28-AF2D1DD24B9D}
	EndGlobalSection
EndGlobal
