
Microsoft Visual Studio Solution File, Format Version 12.00
# Visual Studio Version 17
VisualStudioVersion = 17.11.35327.3
MinimumVisualStudioVersion = 10.0.40219.1
Project("{FAE04EC0-301F-11D3-BF4B-00C04F79EFBC}") = "EX008", "EX008.csproj", "{33E73E03-26E4-461C-B61D-9E1EA9CC97EE}"
EndProject
Global
	GlobalSection(SolutionConfigurationPlatforms) = preSolution
		Debug|Any CPU = Debug|Any CPU
		Release|Any CPU = Release|Any CPU
	EndGlobalSection
	GlobalSection(ProjectConfigurationPlatforms) = postSolution
		{33E73E03-26E4-461C-B61D-9E1EA9CC97EE}.Debug|Any CPU.ActiveCfg = Debug|Any CPU
		{33E73E03-26E4-461C-B61D-9E1EA9CC97EE}.Debug|Any CPU.Build.0 = Debug|Any CPU
		{33E73E03-26E4-461C-B61D-9E1EA9CC97EE}.Release|Any CPU.ActiveCfg = Release|Any CPU
		{33E73E03-26E4-461C-B61D-9E1EA9CC97EE}.Release|Any CPU.Build.0 = Release|Any CPU
	EndGlobalSection
	GlobalSection(SolutionProperties) = preSolution
		HideSolutionNode = FALSE
	EndGlobalSection
	GlobalSection(ExtensibilityGlobals) = postSolution
		SolutionGuid = {5D0B4725-2B7A-4574-B633-30E29B07CE46}
	EndGlobalSection
EndGlobal
